
Microsoft Visual Studio Solution File, Format Version 12.00
# Visual Studio Version 17
VisualStudioVersion = 17.1.32407.343
MinimumVisualStudioVersion = 10.0.40219.1
Project("{FAE04EC0-301F-11D3-BF4B-00C04F79EFBC}") = "Blog", "Blog\Blog.csproj", "{EEBFCA77-D98E-4579-850A-C23005602AE2}"
EndProject
Global
	GlobalSection(SolutionConfigurationPlatforms) = preSolution
		Debug|Any CPU = Debug|Any CPU
		Release|Any CPU = Release|Any CPU
	EndGlobalSection
	GlobalSection(ProjectConfigurationPlatforms) = postSolution
		{EEBFCA77-D98E-4579-850A-C23005602AE2}.Debug|Any CPU.ActiveCfg = Debug|Any CPU
		{EEBFCA77-D98E-4579-850A-C23005602AE2}.Debug|Any CPU.Build.0 = Debug|Any CPU
		{EEBFCA77-D98E-4579-850A-C23005602AE2}.Release|Any CPU.ActiveCfg = Release|Any CPU
		{EEBFCA77-D98E-4579-850A-C23005602AE2}.Release|Any CPU.Build.0 = Release|Any CPU
	EndGlobalSection
	GlobalSection(SolutionProperties) = preSolution
		HideSolutionNode = FALSE
	EndGlobalSection
	GlobalSection(ExtensibilityGlobals) = postSolution
		SolutionGuid = {66D5188B-F9A7-4055-A899-A93FB387B21C}
	EndGlobalSection
EndGlobal
